
Microsoft Visual Studio Solution File, Format Version 12.00
Project("{FAE04EC0-301F-11D3-BF4B-00C04F79EFBC}") = "Tut_01_Basic", "Tut_01_Basic\Tut_01_Basic.csproj", "{BC41B1EC-8F97-4529-A80E-C84149EFFEA9}"
EndProject
Project("{FAE04EC0-301F-11D3-BF4B-00C04F79EFBC}") = "Tut_02_IoC", "Tut_02_IoC\Tut_02_IoC.csproj", "{09DCD9BC-7564-4B65-9D58-E1AEFEF7865F}"
EndProject
Project("{FAE04EC0-301F-11D3-BF4B-00C04F79EFBC}") = "Tut_03_DIP", "Tut_03_DIP\Tut_03_DIP.csproj", "{3A8BF692-0DE7-4454-9844-4489240D13BA}"
EndProject
Project("{FAE04EC0-301F-11D3-BF4B-00C04F79EFBC}") = "Tut_04_DI_ConstructorInjection", "Tut_04_DI_ConstructorInjection\Tut_04_DI_ConstructorInjection.csproj", "{DA6FFE04-DCF8-4572-B20A-BB15A532F4F1}"
EndProject
Project("{FAE04EC0-301F-11D3-BF4B-00C04F79EFBC}") = "Tut_05_DI_PropertyInjection", "Tut_05_DI_PropertyInjection\Tut_05_DI_PropertyInjection.csproj", "{730C9121-F0BB-40B5-A639-E9F3B0582649}"
EndProject
Global
	GlobalSection(SolutionConfigurationPlatforms) = preSolution
		Debug|Any CPU = Debug|Any CPU
		Release|Any CPU = Release|Any CPU
	EndGlobalSection
	GlobalSection(ProjectConfigurationPlatforms) = postSolution
		{BC41B1EC-8F97-4529-A80E-C84149EFFEA9}.Debug|Any CPU.ActiveCfg = Debug|Any CPU
		{BC41B1EC-8F97-4529-A80E-C84149EFFEA9}.Debug|Any CPU.Build.0 = Debug|Any CPU
		{BC41B1EC-8F97-4529-A80E-C84149EFFEA9}.Release|Any CPU.ActiveCfg = Release|Any CPU
		{BC41B1EC-8F97-4529-A80E-C84149EFFEA9}.Release|Any CPU.Build.0 = Release|Any CPU
		{09DCD9BC-7564-4B65-9D58-E1AEFEF7865F}.Debug|Any CPU.ActiveCfg = Debug|Any CPU
		{09DCD9BC-7564-4B65-9D58-E1AEFEF7865F}.Debug|Any CPU.Build.0 = Debug|Any CPU
		{09DCD9BC-7564-4B65-9D58-E1AEFEF7865F}.Release|Any CPU.ActiveCfg = Release|Any CPU
		{09DCD9BC-7564-4B65-9D58-E1AEFEF7865F}.Release|Any CPU.Build.0 = Release|Any CPU
		{3A8BF692-0DE7-4454-9844-4489240D13BA}.Debug|Any CPU.ActiveCfg = Debug|Any CPU
		{3A8BF692-0DE7-4454-9844-4489240D13BA}.Debug|Any CPU.Build.0 = Debug|Any CPU
		{3A8BF692-0DE7-4454-9844-4489240D13BA}.Release|Any CPU.ActiveCfg = Release|Any CPU
		{3A8BF692-0DE7-4454-9844-4489240D13BA}.Release|Any CPU.Build.0 = Release|Any CPU
		{DA6FFE04-DCF8-4572-B20A-BB15A532F4F1}.Debug|Any CPU.ActiveCfg = Debug|Any CPU
		{DA6FFE04-DCF8-4572-B20A-BB15A532F4F1}.Debug|Any CPU.Build.0 = Debug|Any CPU
		{DA6FFE04-DCF8-4572-B20A-BB15A532F4F1}.Release|Any CPU.ActiveCfg = Release|Any CPU
		{DA6FFE04-DCF8-4572-B20A-BB15A532F4F1}.Release|Any CPU.Build.0 = Release|Any CPU
		{730C9121-F0BB-40B5-A639-E9F3B0582649}.Debug|Any CPU.ActiveCfg = Debug|Any CPU
		{730C9121-F0BB-40B5-A639-E9F3B0582649}.Debug|Any CPU.Build.0 = Debug|Any CPU
		{730C9121-F0BB-40B5-A639-E9F3B0582649}.Release|Any CPU.ActiveCfg = Release|Any CPU
		{730C9121-F0BB-40B5-A639-E9F3B0582649}.Release|Any CPU.Build.0 = Release|Any CPU
	EndGlobalSection
EndGlobal
